// !$*UTF8*$!
{
	archiveVersion = 1;
	classes = {
	};
	objectVersion = 50;
	objects = {

/* Begin PBXBuildFile section */
		68784D65224FCEE000F36E5D /* QuizService.swift in Sources */ = {isa = PBXBuildFile; fileRef = 68784D64224FCEE000F36E5D /* QuizService.swift */; };
		68784D67224FD20F00F36E5D /* Quiz.swift in Sources */ = {isa = PBXBuildFile; fileRef = 68784D66224FD20F00F36E5D /* Quiz.swift */; };
		68784D6B224FD34100F36E5D /* Question.swift in Sources */ = {isa = PBXBuildFile; fileRef = 68784D6A224FD34100F36E5D /* Question.swift */; };
		68784D6D224FD97600F36E5D /* Category.swift in Sources */ = {isa = PBXBuildFile; fileRef = 68784D6C224FD97600F36E5D /* Category.swift */; };
		68952B8D224FBEEB005D2C10 /* AppDelegate.swift in Sources */ = {isa = PBXBuildFile; fileRef = 68952B8C224FBEEB005D2C10 /* AppDelegate.swift */; };
		68952B8F224FBEEB005D2C10 /* InitialViewController.swift in Sources */ = {isa = PBXBuildFile; fileRef = 68952B8E224FBEEB005D2C10 /* InitialViewController.swift */; };
		68952B94224FBEEC005D2C10 /* Assets.xcassets in Resources */ = {isa = PBXBuildFile; fileRef = 68952B93224FBEEC005D2C10 /* Assets.xcassets */; };
		689635D92258E0780067F7C9 /* UIButtonExtension.swift in Sources */ = {isa = PBXBuildFile; fileRef = 689635D82258E0780067F7C9 /* UIButtonExtension.swift */; };
		689635DC2258E2360067F7C9 /* UIUtils.swift in Sources */ = {isa = PBXBuildFile; fileRef = 689635DB2258E2360067F7C9 /* UIUtils.swift */; };
		68994E4A2252ADC80064161A /* Default-568h@2x.png in Resources */ = {isa = PBXBuildFile; fileRef = 68994E492252ADC80064161A /* Default-568h@2x.png */; };
		68CC66B8225117AF007573E1 /* InitialViewController.xib in Resources */ = {isa = PBXBuildFile; fileRef = 68CC66B7225117AF007573E1 /* InitialViewController.xib */; };
		68CC66BA225130BF007573E1 /* QuestionView.xib in Resources */ = {isa = PBXBuildFile; fileRef = 68CC66B9225130BF007573E1 /* QuestionView.xib */; };
		68CC66BC22513136007573E1 /* QuestionView.swift in Sources */ = {isa = PBXBuildFile; fileRef = 68CC66BB22513136007573E1 /* QuestionView.swift */; };
/* End PBXBuildFile section */

/* Begin PBXFileReference section */
		68784D64224FCEE000F36E5D /* QuizService.swift */ = {isa = PBXFileReference; lastKnownFileType = sourcecode.swift; path = QuizService.swift; sourceTree = "<group>"; };
		68784D66224FD20F00F36E5D /* Quiz.swift */ = {isa = PBXFileReference; lastKnownFileType = sourcecode.swift; path = Quiz.swift; sourceTree = "<group>"; };
		68784D6A224FD34100F36E5D /* Question.swift */ = {isa = PBXFileReference; lastKnownFileType = sourcecode.swift; path = Question.swift; sourceTree = "<group>"; };
		68784D6C224FD97600F36E5D /* Category.swift */ = {isa = PBXFileReference; lastKnownFileType = sourcecode.swift; path = Category.swift; sourceTree = "<group>"; };
		68952B89224FBEEB005D2C10 /* QuizApp.app */ = {isa = PBXFileReference; explicitFileType = wrapper.application; includeInIndex = 0; path = QuizApp.app; sourceTree = BUILT_PRODUCTS_DIR; };
		68952B8C224FBEEB005D2C10 /* AppDelegate.swift */ = {isa = PBXFileReference; lastKnownFileType = sourcecode.swift; path = AppDelegate.swift; sourceTree = "<group>"; };
		68952B8E224FBEEB005D2C10 /* InitialViewController.swift */ = {isa = PBXFileReference; lastKnownFileType = sourcecode.swift; path = InitialViewController.swift; sourceTree = "<group>"; };
		68952B93224FBEEC005D2C10 /* Assets.xcassets */ = {isa = PBXFileReference; lastKnownFileType = folder.assetcatalog; path = Assets.xcassets; sourceTree = "<group>"; };
		68952B98224FBEEC005D2C10 /* Info.plist */ = {isa = PBXFileReference; lastKnownFileType = text.plist.xml; path = Info.plist; sourceTree = "<group>"; };
		689635D82258E0780067F7C9 /* UIButtonExtension.swift */ = {isa = PBXFileReference; lastKnownFileType = sourcecode.swift; path = UIButtonExtension.swift; sourceTree = "<group>"; };
		689635DB2258E2360067F7C9 /* UIUtils.swift */ = {isa = PBXFileReference; lastKnownFileType = sourcecode.swift; path = UIUtils.swift; sourceTree = "<group>"; };
		68994E492252ADC80064161A /* Default-568h@2x.png */ = {isa = PBXFileReference; lastKnownFileType = image.png; path = "Default-568h@2x.png"; sourceTree = "<group>"; };
		68CC66B7225117AF007573E1 /* InitialViewController.xib */ = {isa = PBXFileReference; lastKnownFileType = file.xib; path = InitialViewController.xib; sourceTree = "<group>"; };
		68CC66B9225130BF007573E1 /* QuestionView.xib */ = {isa = PBXFileReference; lastKnownFileType = file.xib; path = QuestionView.xib; sourceTree = "<group>"; };
		68CC66BB22513136007573E1 /* QuestionView.swift */ = {isa = PBXFileReference; lastKnownFileType = sourcecode.swift; path = QuestionView.swift; sourceTree = "<group>"; };
/* End PBXFileReference section */

/* Begin PBXFrameworksBuildPhase section */
		68952B86224FBEEB005D2C10 /* Frameworks */ = {
			isa = PBXFrameworksBuildPhase;
			buildActionMask = 2147483647;
			files = (
			);
			runOnlyForDeploymentPostprocessing = 0;
		};
/* End PBXFrameworksBuildPhase section */

/* Begin PBXGroup section */
		68952B80224FBEEB005D2C10 = {
			isa = PBXGroup;
			children = (
				68994E492252ADC80064161A /* Default-568h@2x.png */,
				68952B8B224FBEEB005D2C10 /* QuizApp */,
				68952B8A224FBEEB005D2C10 /* Products */,
			);
			sourceTree = "<group>";
		};
		68952B8A224FBEEB005D2C10 /* Products */ = {
			isa = PBXGroup;
			children = (
				68952B89224FBEEB005D2C10 /* QuizApp.app */,
			);
			name = Products;
			sourceTree = "<group>";
		};
		68952B8B224FBEEB005D2C10 /* QuizApp */ = {
			isa = PBXGroup;
			children = (
				689635DA2258E21D0067F7C9 /* Utils */,
				689635D72258E02E0067F7C9 /* Extensions */,
				68952BA1224FBFDF005D2C10 /* Views */,
				68952BA0224FBFB6005D2C10 /* Models */,
				68952B9F224FBFAE005D2C10 /* Services */,
				68952B9E224FBF9D005D2C10 /* Controllers */,
				68952B8C224FBEEB005D2C10 /* AppDelegate.swift */,
				68952B93224FBEEC005D2C10 /* Assets.xcassets */,
				68952B98224FBEEC005D2C10 /* Info.plist */,
			);
			path = QuizApp;
			sourceTree = "<group>";
		};
		68952B9E224FBF9D005D2C10 /* Controllers */ = {
			isa = PBXGroup;
			children = (
				68952B8E224FBEEB005D2C10 /* InitialViewController.swift */,
				68CC66B7225117AF007573E1 /* InitialViewController.xib */,
			);
			path = Controllers;
			sourceTree = "<group>";
		};
		68952B9F224FBFAE005D2C10 /* Services */ = {
			isa = PBXGroup;
			children = (
				68784D64224FCEE000F36E5D /* QuizService.swift */,
			);
			path = Services;
			sourceTree = "<group>";
		};
		68952BA0224FBFB6005D2C10 /* Models */ = {
			isa = PBXGroup;
			children = (
				68784D66224FD20F00F36E5D /* Quiz.swift */,
				68784D6A224FD34100F36E5D /* Question.swift */,
				68784D6C224FD97600F36E5D /* Category.swift */,
			);
			path = Models;
			sourceTree = "<group>";
		};
		68952BA1224FBFDF005D2C10 /* Views */ = {
			isa = PBXGroup;
			children = (
				68CC66BB22513136007573E1 /* QuestionView.swift */,
				68CC66B9225130BF007573E1 /* QuestionView.xib */,
			);
			path = Views;
			sourceTree = "<group>";
		};
		689635D72258E02E0067F7C9 /* Extensions */ = {
			isa = PBXGroup;
			children = (
				689635D82258E0780067F7C9 /* UIButtonExtension.swift */,
			);
			path = Extensions;
			sourceTree = "<group>";
		};
		689635DA2258E21D0067F7C9 /* Utils */ = {
			isa = PBXGroup;
			children = (
				689635DB2258E2360067F7C9 /* UIUtils.swift */,
			);
			path = Utils;
			sourceTree = "<group>";
		};
/* End PBXGroup section */

/* Begin PBXNativeTarget section */
		68952B88224FBEEB005D2C10 /* QuizApp */ = {
			isa = PBXNativeTarget;
			buildConfigurationList = 68952B9B224FBEEC005D2C10 /* Build configuration list for PBXNativeTarget "QuizApp" */;
			buildPhases = (
				68952B85224FBEEB005D2C10 /* Sources */,
				68952B86224FBEEB005D2C10 /* Frameworks */,
				68952B87224FBEEB005D2C10 /* Resources */,
			);
			buildRules = (
			);
			dependencies = (
			);
			name = QuizApp;
			productName = QuizApp;
			productReference = 68952B89224FBEEB005D2C10 /* QuizApp.app */;
			productType = "com.apple.product-type.application";
		};
/* End PBXNativeTarget section */

/* Begin PBXProject section */
		68952B81224FBEEB005D2C10 /* Project object */ = {
			isa = PBXProject;
			attributes = {
				LastSwiftUpdateCheck = 1020;
				LastUpgradeCheck = 1020;
				TargetAttributes = {
					68952B88224FBEEB005D2C10 = {
						CreatedOnToolsVersion = 10.2;
					};
				};
			};
			buildConfigurationList = 68952B84224FBEEB005D2C10 /* Build configuration list for PBXProject "QuizApp" */;
			compatibilityVersion = "Xcode 9.3";
			developmentRegion = en;
			hasScannedForEncodings = 0;
			knownRegions = (
				en,
				Base,
			);
			mainGroup = 68952B80224FBEEB005D2C10;
			productRefGroup = 68952B8A224FBEEB005D2C10 /* Products */;
			projectDirPath = "";
			projectRoot = "";
			targets = (
				68952B88224FBEEB005D2C10 /* QuizApp */,
			);
		};
/* End PBXProject section */

/* Begin PBXResourcesBuildPhase section */
		68952B87224FBEEB005D2C10 /* Resources */ = {
			isa = PBXResourcesBuildPhase;
			buildActionMask = 2147483647;
			files = (
				68952B94224FBEEC005D2C10 /* Assets.xcassets in Resources */,
				68994E4A2252ADC80064161A /* Default-568h@2x.png in Resources */,
				68CC66B8225117AF007573E1 /* InitialViewController.xib in Resources */,
				68CC66BA225130BF007573E1 /* QuestionView.xib in Resources */,
			);
			runOnlyForDeploymentPostprocessing = 0;
		};
/* End PBXResourcesBuildPhase section */

/* Begin PBXSourcesBuildPhase section */
		68952B85224FBEEB005D2C10 /* Sources */ = {
			isa = PBXSourcesBuildPhase;
			buildActionMask = 2147483647;
			files = (
				68784D65224FCEE000F36E5D /* QuizService.swift in Sources */,
				689635D92258E0780067F7C9 /* UIButtonExtension.swift in Sources */,
				68952B8F224FBEEB005D2C10 /* InitialViewController.swift in Sources */,
				68784D6B224FD34100F36E5D /* Question.swift in Sources */,
				68CC66BC22513136007573E1 /* QuestionView.swift in Sources */,
				68784D67224FD20F00F36E5D /* Quiz.swift in Sources */,
				689635DC2258E2360067F7C9 /* UIUtils.swift in Sources */,
				68952B8D224FBEEB005D2C10 /* AppDelegate.swift in Sources */,
				68784D6D224FD97600F36E5D /* Category.swift in Sources */,
			);
			runOnlyForDeploymentPostprocessing = 0;
		};
/* End PBXSourcesBuildPhase section */

/* Begin XCBuildConfiguration section */
		68952B99224FBEEC005D2C10 /* Debug */ = {
			isa = XCBuildConfiguration;
			buildSettings = {
				ALWAYS_SEARCH_USER_PATHS = NO;
				CLANG_ANALYZER_NONNULL = YES;
				CLANG_ANALYZER_NUMBER_OBJECT_CONVERSION = YES_AGGRESSIVE;
				CLANG_CXX_LANGUAGE_STANDARD = "gnu++14";
				CLANG_CXX_LIBRARY = "libc++";
				CLANG_ENABLE_MODULES = YES;
				CLANG_ENABLE_OBJC_ARC = YES;
				CLANG_ENABLE_OBJC_WEAK = YES;
				CLANG_WARN_BLOCK_CAPTURE_AUTORELEASING = YES;
				CLANG_WARN_BOOL_CONVERSION = YES;
				CLANG_WARN_COMMA = YES;
				CLANG_WARN_CONSTANT_CONVERSION = YES;
				CLANG_WARN_DEPRECATED_OBJC_IMPLEMENTATIONS = YES;
				CLANG_WARN_DIRECT_OBJC_ISA_USAGE = YES_ERROR;
				CLANG_WARN_DOCUMENTATION_COMMENTS = YES;
				CLANG_WARN_EMPTY_BODY = YES;
				CLANG_WARN_ENUM_CONVERSION = YES;
				CLANG_WARN_INFINITE_RECURSION = YES;
				CLANG_WARN_INT_CONVERSION = YES;
				CLANG_WARN_NON_LITERAL_NULL_CONVERSION = YES;
				CLANG_WARN_OBJC_IMPLICIT_RETAIN_SELF = YES;
				CLANG_WARN_OBJC_LITERAL_CONVERSION = YES;
				CLANG_WARN_OBJC_ROOT_CLASS = YES_ERROR;
				CLANG_WARN_RANGE_LOOP_ANALYSIS = YES;
				CLANG_WARN_STRICT_PROTOTYPES = YES;
				CLANG_WARN_SUSPICIOUS_MOVE = YES;
				CLANG_WARN_UNGUARDED_AVAILABILITY = YES_AGGRESSIVE;
				CLANG_WARN_UNREACHABLE_CODE = YES;
				CLANG_WARN__DUPLICATE_METHOD_MATCH = YES;
				CODE_SIGN_IDENTITY = "iPhone Developer";
				COPY_PHASE_STRIP = NO;
				DEBUG_INFORMATION_FORMAT = dwarf;
				ENABLE_STRICT_OBJC_MSGSEND = YES;
				ENABLE_TESTABILITY = YES;
				GCC_C_LANGUAGE_STANDARD = gnu11;
				GCC_DYNAMIC_NO_PIC = NO;
				GCC_NO_COMMON_BLOCKS = YES;
				GCC_OPTIMIZATION_LEVEL = 0;
				GCC_PREPROCESSOR_DEFINITIONS = (
					"DEBUG=1",
					"$(inherited)",
				);
				GCC_WARN_64_TO_32_BIT_CONVERSION = YES;
				GCC_WARN_ABOUT_RETURN_TYPE = YES_ERROR;
				GCC_WARN_UNDECLARED_SELECTOR = YES;
				GCC_WARN_UNINITIALIZED_AUTOS = YES_AGGRESSIVE;
				GCC_WARN_UNUSED_FUNCTION = YES;
				GCC_WARN_UNUSED_VARIABLE = YES;
				IPHONEOS_DEPLOYMENT_TARGET = 12.2;
				MTL_ENABLE_DEBUG_INFO = INCLUDE_SOURCE;
				MTL_FAST_MATH = YES;
				ONLY_ACTIVE_ARCH = YES;
				SDKROOT = iphoneos;
				SWIFT_ACTIVE_COMPILATION_CONDITIONS = DEBUG;
				SWIFT_OPTIMIZATION_LEVEL = "-Onone";
			};
			name = Debug;
		};
		68952B9A224FBEEC005D2C10 /* Release */ = {
			isa = XCBuildConfiguration;
			buildSettings = {
				ALWAYS_SEARCH_USER_PATHS = NO;
				CLANG_ANALYZER_NONNULL = YES;
				CLANG_ANALYZER_NUMBER_OBJECT_CONVERSION = YES_AGGRESSIVE;
				CLANG_CXX_LANGUAGE_STANDARD = "gnu++14";
				CLANG_CXX_LIBRARY = "libc++";
				CLANG_ENABLE_MODULES = YES;
				CLANG_ENABLE_OBJC_ARC = YES;
				CLANG_ENABLE_OBJC_WEAK = YES;
				CLANG_WARN_BLOCK_CAPTURE_AUTORELEASING = YES;
				CLANG_WARN_BOOL_CONVERSION = YES;
				CLANG_WARN_COMMA = YES;
				CLANG_WARN_CONSTANT_CONVERSION = YES;
				CLANG_WARN_DEPRECATED_OBJC_IMPLEMENTATIONS = YES;
				CLANG_WARN_DIRECT_OBJC_ISA_USAGE = YES_ERROR;
				CLANG_WARN_DOCUMENTATION_COMMENTS = YES;
				CLANG_WARN_EMPTY_BODY = YES;
				CLANG_WARN_ENUM_CONVERSION = YES;
				CLANG_WARN_INFINITE_RECURSION = YES;
				CLANG_WARN_INT_CONVERSION = YES;
				CLANG_WARN_NON_LITERAL_NULL_CONVERSION = YES;
				CLANG_WARN_OBJC_IMPLICIT_RETAIN_SELF = YES;
				CLANG_WARN_OBJC_LITERAL_CONVERSION = YES;
				CLANG_WARN_OBJC_ROOT_CLASS = YES_ERROR;
				CLANG_WARN_RANGE_LOOP_ANALYSIS = YES;
				CLANG_WARN_STRICT_PROTOTYPES = YES;
				CLANG_WARN_SUSPICIOUS_MOVE = YES;
				CLANG_WARN_UNGUARDED_AVAILABILITY = YES_AGGRESSIVE;
				CLANG_WARN_UNREACHABLE_CODE = YES;
				CLANG_WARN__DUPLICATE_METHOD_MATCH = YES;
				CODE_SIGN_IDENTITY = "iPhone Developer";
				COPY_PHASE_STRIP = NO;
				DEBUG_INFORMATION_FORMAT = "dwarf-with-dsym";
				ENABLE_NS_ASSERTIONS = NO;
				ENABLE_STRICT_OBJC_MSGSEND = YES;
				GCC_C_LANGUAGE_STANDARD = gnu11;
				GCC_NO_COMMON_BLOCKS = YES;
				GCC_WARN_64_TO_32_BIT_CONVERSION = YES;
				GCC_WARN_ABOUT_RETURN_TYPE = YES_ERROR;
				GCC_WARN_UNDECLARED_SELECTOR = YES;
				GCC_WARN_UNINITIALIZED_AUTOS = YES_AGGRESSIVE;
				GCC_WARN_UNUSED_FUNCTION = YES;
				GCC_WARN_UNUSED_VARIABLE = YES;
				IPHONEOS_DEPLOYMENT_TARGET = 12.2;
				MTL_ENABLE_DEBUG_INFO = NO;
				MTL_FAST_MATH = YES;
				SDKROOT = iphoneos;
				SWIFT_COMPILATION_MODE = wholemodule;
				SWIFT_OPTIMIZATION_LEVEL = "-O";
				VALIDATE_PRODUCT = YES;
			};
			name = Release;
		};
		68952B9C224FBEEC005D2C10 /* Debug */ = {
			isa = XCBuildConfiguration;
			buildSettings = {
				ASSETCATALOG_COMPILER_APPICON_NAME = AppIcon;
				CODE_SIGN_STYLE = Automatic;
				INFOPLIST_FILE = QuizApp/Info.plist;
				LD_RUNPATH_SEARCH_PATHS = (
					"$(inherited)",
					"@executable_path/Frameworks",
				);
				PRODUCT_BUNDLE_IDENTIFIER = hr.fer.ios.QuizApp;
				PRODUCT_NAME = "$(TARGET_NAME)";
				SWIFT_VERSION = 5.0;
				TARGETED_DEVICE_FAMILY = "1,2";
			};
			name = Debug;
		};
		68952B9D224FBEEC005D2C10 /* Release */ = {
			isa = XCBuildConfiguration;
			buildSettings = {
				ASSETCATALOG_COMPILER_APPICON_NAME = AppIcon;
				CODE_SIGN_STYLE = Automatic;
				INFOPLIST_FILE = QuizApp/Info.plist;
				LD_RUNPATH_SEARCH_PATHS = (
					"$(inherited)",
					"@executable_path/Frameworks",
				);
				PRODUCT_BUNDLE_IDENTIFIER = hr.fer.ios.QuizApp;
				PRODUCT_NAME = "$(TARGET_NAME)";
				SWIFT_VERSION = 5.0;
				TARGETED_DEVICE_FAMILY = "1,2";
			};
			name = Release;
		};
/* End XCBuildConfiguration section */

/* Begin XCConfigurationList section */
		68952B84224FBEEB005D2C10 /* Build configuration list for PBXProject "QuizApp" */ = {
			isa = XCConfigurationList;
			buildConfigurations = (
				68952B99224FBEEC005D2C10 /* Debug */,
				68952B9A224FBEEC005D2C10 /* Release */,
			);
			defaultConfigurationIsVisible = 0;
			defaultConfigurationName = Release;
		};
		68952B9B224FBEEC005D2C10 /* Build configuration list for PBXNativeTarget "QuizApp" */ = {
			isa = XCConfigurationList;
			buildConfigurations = (
				68952B9C224FBEEC005D2C10 /* Debug */,
				68952B9D224FBEEC005D2C10 /* Release */,
			);
			defaultConfigurationIsVisible = 0;
			defaultConfigurationName = Release;
		};
/* End XCConfigurationList section */
	};
	rootObject = 68952B81224FBEEB005D2C10 /* Project object */;
}
